{
  "name": "theweather",
  "version": "1.0.0",
  "lockfileVersion": 2,
  "requires": true,
  "packages": {
    "": {
      "name": "theweather",
      "version": "1.0.0",
      "license": "ISC",
      "dependencies": {
        "@vant/weapp": "^1.10.3",
        "moment": "^2.29.3",
        "qweather-icons": "^1.1.1"
      }
    },
    "node_modules/@vant/weapp": {
      "version": "1.10.3",
      "resolved": "https://registry.npmjs.org/@vant/weapp/-/weapp-1.10.3.tgz",
      "integrity": "sha512-CcG5umI+zlJRN6hQXPeknOenPkVm6WBEgBaB6Y94kOmKLx9NHtHBdURwxuJEA4q4mxhUdOuf6sV7I8tZBnCVxw=="
    },
    "node_modules/moment": {
      "version": "2.29.3",
      "resolved": "https://registry.npmjs.org/moment/-/moment-2.29.3.tgz",
      "integrity": "sha512-c6YRvhEo//6T2Jz/vVtYzqBzwvPT95JBQ+smCytzf7c50oMZRsR/a4w88aD34I+/QVSfnoAnSBFPJHItlOMJVw==",
      "engines": {
        "node": "*"
      }
    },
    "node_modules/qweather-icons": {
      "version": "1.1.1",
      "resolved": "https://registry.npmjs.org/qweather-icons/-/qweather-icons-1.1.1.tgz",
      "integrity": "sha512-EDjAoxFR73bPiloR/JRw4VUcSUxgxXToBfhlgkBrjt6SWGKEYPzM/6zoiBcWxa9Y8QYOFGI27a3LMvbASqX2EQ==",
      "engines": {
        "node": ">=10"
      }
    }
  },
  "dependencies": {
    "@vant/weapp": {
      "version": "1.10.3",
      "resolved": "https://registry.npmjs.org/@vant/weapp/-/weapp-1.10.3.tgz",
      "integrity": "sha512-CcG5umI+zlJRN6hQXPeknOenPkVm6WBEgBaB6Y94kOmKLx9NHtHBdURwxuJEA4q4mxhUdOuf6sV7I8tZBnCVxw=="
    },
    "moment": {
      "version": "2.29.3",
      "resolved": "https://registry.npmjs.org/moment/-/moment-2.29.3.tgz",
      "integrity": "sha512-c6YRvhEo//6T2Jz/vVtYzqBzwvPT95JBQ+smCytzf7c50oMZRsR/a4w88aD34I+/QVSfnoAnSBFPJHItlOMJVw=="
    },
    "qweather-icons": {
      "version": "1.1.1",
      "resolved": "https://registry.npmjs.org/qweather-icons/-/qweather-icons-1.1.1.tgz",
      "integrity": "sha512-EDjAoxFR73bPiloR/JRw4VUcSUxgxXToBfhlgkBrjt6SWGKEYPzM/6zoiBcWxa9Y8QYOFGI27a3LMvbASqX2EQ=="
    }
  }
}
